// !$*UTF8*$!
{
	archiveVersion = 1;
	classes = {
	};
	objectVersion = 56;
	objects = {

/* Begin PBXBuildFile section */
		2C2556B02E7726CC00962D58 /* CardDetailView.swift in Sources */ = {isa = PBXBuildFile; fileRef = 2C2556AF2E7726CC00962D58 /* CardDetailView.swift */; };
		2C66C7C62CED3AEF008C524D /* BarcodeWalletApp.swift in Sources */ = {isa = PBXBuildFile; fileRef = 2C66C7C52CED3AEF008C524D /* BarcodeWalletApp.swift */; };
		2C66C7C82CED3AEF008C524D /* LinearBarcodeView.swift in Sources */ = {isa = PBXBuildFile; fileRef = 2C66C7C72CED3AEF008C524D /* LinearBarcodeView.swift */; };
		2C66C7CA2CED3AF0008C524D /* Assets.xcassets in Resources */ = {isa = PBXBuildFile; fileRef = 2C66C7C92CED3AF0008C524D /* Assets.xcassets */; };
		2C66C7CD2CED3AF0008C524D /* Preview Assets.xcassets in Resources */ = {isa = PBXBuildFile; fileRef = 2C66C7CC2CED3AF0008C524D /* Preview Assets.xcassets */; };
		2C66C7D72CED3AF1008C524D /* BarcodeWalletTests.swift in Sources */ = {isa = PBXBuildFile; fileRef = 2C66C7D62CED3AF1008C524D /* BarcodeWalletTests.swift */; };
		2C66C7E12CED3AF1008C524D /* BarcodeWalletUITests.swift in Sources */ = {isa = PBXBuildFile; fileRef = 2C66C7E02CED3AF1008C524D /* BarcodeWalletUITests.swift */; };
		2C66C7E32CED3AF1008C524D /* BarcodeWalletUITestsLaunchTests.swift in Sources */ = {isa = PBXBuildFile; fileRef = 2C66C7E22CED3AF1008C524D /* BarcodeWalletUITestsLaunchTests.swift */; };
		2C66C7F12CED3BAE008C524D /* BarcodeGenModel.swift in Sources */ = {isa = PBXBuildFile; fileRef = 2C66C7F02CED3BAE008C524D /* BarcodeGenModel.swift */; };
		2C66C7F42CED3F59008C524D /* QRCodeView.swift in Sources */ = {isa = PBXBuildFile; fileRef = 2C66C7F32CED3F59008C524D /* QRCodeView.swift */; };
		2C66C7F62CED3FFD008C524D /* TabsView.swift in Sources */ = {isa = PBXBuildFile; fileRef = 2C66C7F52CED3FFD008C524D /* TabsView.swift */; };
		2C66C7F82CED44F2008C524D /* ManualBarcodeView.swift in Sources */ = {isa = PBXBuildFile; fileRef = 2C66C7F72CED44F2008C524D /* ManualBarcodeView.swift */; };
		2C66C7FA2CED4923008C524D /* ScanBarcodeView.swift in Sources */ = {isa = PBXBuildFile; fileRef = 2C66C7F92CED4923008C524D /* ScanBarcodeView.swift */; };
		2C66C7FD2CED51AB008C524D /* BarcodeScannerController.swift in Sources */ = {isa = PBXBuildFile; fileRef = 2C66C7FC2CED51AB008C524D /* BarcodeScannerController.swift */; };
		2C66C7FF2CED55CA008C524D /* Coordinator.swift in Sources */ = {isa = PBXBuildFile; fileRef = 2C66C7FE2CED55CA008C524D /* Coordinator.swift */; };
		2C7E22692CEFC92E005FB3C0 /* AVFoundation.framework in Frameworks */ = {isa = PBXBuildFile; fileRef = 2C7E22682CEFC92E005FB3C0 /* AVFoundation.framework */; };
		2C7E226B2CEFC93D005FB3C0 /* CoreMedia.framework in Frameworks */ = {isa = PBXBuildFile; fileRef = 2C7E226A2CEFC93D005FB3C0 /* CoreMedia.framework */; };
		2C7E226D2CEFC943005FB3C0 /* CoreVideo.framework in Frameworks */ = {isa = PBXBuildFile; fileRef = 2C7E226C2CEFC943005FB3C0 /* CoreVideo.framework */; };
		2C7E226F2CEFC94B005FB3C0 /* QuartzCore.framework in Frameworks */ = {isa = PBXBuildFile; fileRef = 2C7E226E2CEFC94A005FB3C0 /* QuartzCore.framework */; };
		2C7E22722CF0619D005FB3C0 /* CodabarBarcodeView.swift in Sources */ = {isa = PBXBuildFile; fileRef = 2C7E22712CF0619D005FB3C0 /* CodabarBarcodeView.swift */; };
		2C7E22732CF0619D005FB3C0 /* CodabarBarcodeView.swift in Sources */ = {isa = PBXBuildFile; fileRef = 2C7E22712CF0619D005FB3C0 /* CodabarBarcodeView.swift */; };
		2C7E22752CF3EE28005FB3C0 /* HomeView.swift in Sources */ = {isa = PBXBuildFile; fileRef = 2C7E22742CF3EE28005FB3C0 /* HomeView.swift */; };
		2C7E22782CF3F5A1005FB3C0 /* DataModel.xcdatamodeld in Sources */ = {isa = PBXBuildFile; fileRef = 2C7E22762CF3F5A1005FB3C0 /* DataModel.xcdatamodeld */; };
		2C7E227C2CF3FEBC005FB3C0 /* BarcodeModel.swift in Sources */ = {isa = PBXBuildFile; fileRef = 2C7E227B2CF3FEBC005FB3C0 /* BarcodeModel.swift */; };
		2C7E22802CF674F1005FB3C0 /* CDCodabarEncoder.swift in Sources */ = {isa = PBXBuildFile; fileRef = 2C7E227F2CF674F1005FB3C0 /* CDCodabarEncoder.swift */; };
		2C7E22822CF67521005FB3C0 /* CDCodabrView.swift in Sources */ = {isa = PBXBuildFile; fileRef = 2C7E22812CF67521005FB3C0 /* CDCodabrView.swift */; };
		2C7E22842D0CE587005FB3C0 /* DataController.swift in Sources */ = {isa = PBXBuildFile; fileRef = 2C7E22832D0CE587005FB3C0 /* DataController.swift */; };
		2CD8C8F42D25E6370007144C /* UploadSheetView.swift in Sources */ = {isa = PBXBuildFile; fileRef = 2CD8C8F32D25E6370007144C /* UploadSheetView.swift */; };
		2CD8C8F62D2C3E630007144C /* UploadViewController.swift in Sources */ = {isa = PBXBuildFile; fileRef = 2CD8C8F52D2C3E630007144C /* UploadViewController.swift */; };
		2CD8C8F82D2C40090007144C /* BarcodeScannerView.swift in Sources */ = {isa = PBXBuildFile; fileRef = 2CD8C8F72D2C40090007144C /* BarcodeScannerView.swift */; };
		2CD8C8FA2D2C404D0007144C /* UploadView.swift in Sources */ = {isa = PBXBuildFile; fileRef = 2CD8C8F92D2C404D0007144C /* UploadView.swift */; };
		2CDFB6472ECE7279009D5A75 /* Extensions.swift in Sources */ = {isa = PBXBuildFile; fileRef = 2CDFB6462ECE7279009D5A75 /* Extensions.swift */; };
		2CDFB6492ED4B476009D5A75 /* UpdateCardView.swift in Sources */ = {isa = PBXBuildFile; fileRef = 2CDFB6482ED4B476009D5A75 /* UpdateCardView.swift */; };
		2CDFB64C2ED516B9009D5A75 /* BarcodeCollectionView.swift in Sources */ = {isa = PBXBuildFile; fileRef = 2CDFB64B2ED516B9009D5A75 /* BarcodeCollectionView.swift */; };
		2CF032732D121F24006A6009 /* CreateBarcodeView.swift in Sources */ = {isa = PBXBuildFile; fileRef = 2CF032722D121F24006A6009 /* CreateBarcodeView.swift */; };
		2CF032752D12458A006A6009 /* BarcodeCard.swift in Sources */ = {isa = PBXBuildFile; fileRef = 2CF032742D12458A006A6009 /* BarcodeCard.swift */; };
		2CF032792D133D23006A6009 /* RSBarcodes_Swift in Frameworks */ = {isa = PBXBuildFile; productRef = 2CF032782D133D23006A6009 /* RSBarcodes_Swift */; };
		2CF0327C2D1B40A9006A6009 /* DragState.swift in Sources */ = {isa = PBXBuildFile; fileRef = 2CF0327B2D1B40A9006A6009 /* DragState.swift */; };
		2CF0327F2D1F23DC006A6009 /* CloudKit.framework in Frameworks */ = {isa = PBXBuildFile; fileRef = 2CF0327E2D1F23DC006A6009 /* CloudKit.framework */; };
/* End PBXBuildFile section */

/* Begin PBXContainerItemProxy section */
		2C66C7D32CED3AF1008C524D /* PBXContainerItemProxy */ = {
			isa = PBXContainerItemProxy;
			containerPortal = 2C66C7BA2CED3AEF008C524D /* Project object */;
			proxyType = 1;
			remoteGlobalIDString = 2C66C7C12CED3AEF008C524D;
			remoteInfo = BarcodeWallet;
		};
		2C66C7DD2CED3AF1008C524D /* PBXContainerItemProxy */ = {
			isa = PBXContainerItemProxy;
			containerPortal = 2C66C7BA2CED3AEF008C524D /* Project object */;
			proxyType = 1;
			remoteGlobalIDString = 2C66C7C12CED3AEF008C524D;
			remoteInfo = BarcodeWallet;
		};
/* End PBXContainerItemProxy section */

/* Begin PBXFileReference section */
		2C2556AF2E7726CC00962D58 /* CardDetailView.swift */ = {isa = PBXFileReference; lastKnownFileType = sourcecode.swift; path = CardDetailView.swift; sourceTree = "<group>"; };
		2C66C7C22CED3AEF008C524D /* BarcodeWallet.app */ = {isa = PBXFileReference; explicitFileType = wrapper.application; includeInIndex = 0; path = BarcodeWallet.app; sourceTree = BUILT_PRODUCTS_DIR; };
		2C66C7C52CED3AEF008C524D /* BarcodeWalletApp.swift */ = {isa = PBXFileReference; lastKnownFileType = sourcecode.swift; path = BarcodeWalletApp.swift; sourceTree = "<group>"; };
		2C66C7C72CED3AEF008C524D /* LinearBarcodeView.swift */ = {isa = PBXFileReference; lastKnownFileType = sourcecode.swift; path = LinearBarcodeView.swift; sourceTree = "<group>"; };
		2C66C7C92CED3AF0008C524D /* Assets.xcassets */ = {isa = PBXFileReference; lastKnownFileType = folder.assetcatalog; path = Assets.xcassets; sourceTree = "<group>"; };
		2C66C7CC2CED3AF0008C524D /* Preview Assets.xcassets */ = {isa = PBXFileReference; lastKnownFileType = folder.assetcatalog; path = "Preview Assets.xcassets"; sourceTree = "<group>"; };
		2C66C7D22CED3AF1008C524D /* BarcodeWalletTests.xctest */ = {isa = PBXFileReference; explicitFileType = wrapper.cfbundle; includeInIndex = 0; path = BarcodeWalletTests.xctest; sourceTree = BUILT_PRODUCTS_DIR; };
		2C66C7D62CED3AF1008C524D /* BarcodeWalletTests.swift */ = {isa = PBXFileReference; lastKnownFileType = sourcecode.swift; path = BarcodeWalletTests.swift; sourceTree = "<group>"; };
		2C66C7DC2CED3AF1008C524D /* BarcodeWalletUITests.xctest */ = {isa = PBXFileReference; explicitFileType = wrapper.cfbundle; includeInIndex = 0; path = BarcodeWalletUITests.xctest; sourceTree = BUILT_PRODUCTS_DIR; };
		2C66C7E02CED3AF1008C524D /* BarcodeWalletUITests.swift */ = {isa = PBXFileReference; lastKnownFileType = sourcecode.swift; path = BarcodeWalletUITests.swift; sourceTree = "<group>"; };
		2C66C7E22CED3AF1008C524D /* BarcodeWalletUITestsLaunchTests.swift */ = {isa = PBXFileReference; lastKnownFileType = sourcecode.swift; path = BarcodeWalletUITestsLaunchTests.swift; sourceTree = "<group>"; };
		2C66C7F02CED3BAE008C524D /* BarcodeGenModel.swift */ = {isa = PBXFileReference; lastKnownFileType = sourcecode.swift; path = BarcodeGenModel.swift; sourceTree = "<group>"; };
		2C66C7F32CED3F59008C524D /* QRCodeView.swift */ = {isa = PBXFileReference; lastKnownFileType = sourcecode.swift; path = QRCodeView.swift; sourceTree = "<group>"; };
		2C66C7F52CED3FFD008C524D /* TabsView.swift */ = {isa = PBXFileReference; lastKnownFileType = sourcecode.swift; path = TabsView.swift; sourceTree = "<group>"; };
		2C66C7F72CED44F2008C524D /* ManualBarcodeView.swift */ = {isa = PBXFileReference; lastKnownFileType = sourcecode.swift; path = ManualBarcodeView.swift; sourceTree = "<group>"; };
		2C66C7F92CED4923008C524D /* ScanBarcodeView.swift */ = {isa = PBXFileReference; lastKnownFileType = sourcecode.swift; path = ScanBarcodeView.swift; sourceTree = "<group>"; };
		2C66C7FC2CED51AB008C524D /* BarcodeScannerController.swift */ = {isa = PBXFileReference; lastKnownFileType = sourcecode.swift; path = BarcodeScannerController.swift; sourceTree = "<group>"; };
		2C66C7FE2CED55CA008C524D /* Coordinator.swift */ = {isa = PBXFileReference; lastKnownFileType = sourcecode.swift; path = Coordinator.swift; sourceTree = "<group>"; };
		2C7E22682CEFC92E005FB3C0 /* AVFoundation.framework */ = {isa = PBXFileReference; lastKnownFileType = wrapper.framework; name = AVFoundation.framework; path = System/Library/Frameworks/AVFoundation.framework; sourceTree = SDKROOT; };
		2C7E226A2CEFC93D005FB3C0 /* CoreMedia.framework */ = {isa = PBXFileReference; lastKnownFileType = wrapper.framework; name = CoreMedia.framework; path = System/Library/Frameworks/CoreMedia.framework; sourceTree = SDKROOT; };
		2C7E226C2CEFC943005FB3C0 /* CoreVideo.framework */ = {isa = PBXFileReference; lastKnownFileType = wrapper.framework; name = CoreVideo.framework; path = System/Library/Frameworks/CoreVideo.framework; sourceTree = SDKROOT; };
		2C7E226E2CEFC94A005FB3C0 /* QuartzCore.framework */ = {isa = PBXFileReference; lastKnownFileType = wrapper.framework; name = QuartzCore.framework; path = System/Library/Frameworks/QuartzCore.framework; sourceTree = SDKROOT; };
		2C7E22712CF0619D005FB3C0 /* CodabarBarcodeView.swift */ = {isa = PBXFileReference; lastKnownFileType = sourcecode.swift; path = CodabarBarcodeView.swift; sourceTree = "<group>"; };
		2C7E22742CF3EE28005FB3C0 /* HomeView.swift */ = {isa = PBXFileReference; lastKnownFileType = sourcecode.swift; path = HomeView.swift; sourceTree = "<group>"; };
		2C7E22772CF3F5A1005FB3C0 /* DataManager.xcdatamodel */ = {isa = PBXFileReference; lastKnownFileType = wrapper.xcdatamodel; path = DataManager.xcdatamodel; sourceTree = "<group>"; };
		2C7E227B2CF3FEBC005FB3C0 /* BarcodeModel.swift */ = {isa = PBXFileReference; lastKnownFileType = sourcecode.swift; path = BarcodeModel.swift; sourceTree = "<group>"; };
		2C7E227F2CF674F1005FB3C0 /* CDCodabarEncoder.swift */ = {isa = PBXFileReference; lastKnownFileType = sourcecode.swift; path = CDCodabarEncoder.swift; sourceTree = "<group>"; };
		2C7E22812CF67521005FB3C0 /* CDCodabrView.swift */ = {isa = PBXFileReference; lastKnownFileType = sourcecode.swift; path = CDCodabrView.swift; sourceTree = "<group>"; };
		2C7E22832D0CE587005FB3C0 /* DataController.swift */ = {isa = PBXFileReference; lastKnownFileType = sourcecode.swift; path = DataController.swift; sourceTree = "<group>"; };
		2CD8C8F32D25E6370007144C /* UploadSheetView.swift */ = {isa = PBXFileReference; lastKnownFileType = sourcecode.swift; path = UploadSheetView.swift; sourceTree = "<group>"; };
		2CD8C8F52D2C3E630007144C /* UploadViewController.swift */ = {isa = PBXFileReference; lastKnownFileType = sourcecode.swift; path = UploadViewController.swift; sourceTree = "<group>"; };
		2CD8C8F72D2C40090007144C /* BarcodeScannerView.swift */ = {isa = PBXFileReference; lastKnownFileType = sourcecode.swift; path = BarcodeScannerView.swift; sourceTree = "<group>"; };
		2CD8C8F92D2C404D0007144C /* UploadView.swift */ = {isa = PBXFileReference; lastKnownFileType = sourcecode.swift; path = UploadView.swift; sourceTree = "<group>"; };
		2CDFB6462ECE7279009D5A75 /* Extensions.swift */ = {isa = PBXFileReference; lastKnownFileType = sourcecode.swift; path = Extensions.swift; sourceTree = "<group>"; };
		2CDFB6482ED4B476009D5A75 /* UpdateCardView.swift */ = {isa = PBXFileReference; lastKnownFileType = sourcecode.swift; path = UpdateCardView.swift; sourceTree = "<group>"; };
		2CDFB64B2ED516B9009D5A75 /* BarcodeCollectionView.swift */ = {isa = PBXFileReference; lastKnownFileType = sourcecode.swift; path = BarcodeCollectionView.swift; sourceTree = "<group>"; };
		2CF032722D121F24006A6009 /* CreateBarcodeView.swift */ = {isa = PBXFileReference; lastKnownFileType = sourcecode.swift; path = CreateBarcodeView.swift; sourceTree = "<group>"; };
		2CF032742D12458A006A6009 /* BarcodeCard.swift */ = {isa = PBXFileReference; lastKnownFileType = sourcecode.swift; path = BarcodeCard.swift; sourceTree = "<group>"; };
		2CF0327A2D139F86006A6009 /* Info.plist */ = {isa = PBXFileReference; lastKnownFileType = text.plist; path = Info.plist; sourceTree = "<group>"; };
		2CF0327B2D1B40A9006A6009 /* DragState.swift */ = {isa = PBXFileReference; lastKnownFileType = sourcecode.swift; path = DragState.swift; sourceTree = "<group>"; };
		2CF0327D2D1F1CEC006A6009 /* BarcodeWallet.entitlements */ = {isa = PBXFileReference; lastKnownFileType = text.plist.entitlements; path = BarcodeWallet.entitlements; sourceTree = "<group>"; };
		2CF0327E2D1F23DC006A6009 /* CloudKit.framework */ = {isa = PBXFileReference; lastKnownFileType = wrapper.framework; name = CloudKit.framework; path = System/Library/Frameworks/CloudKit.framework; sourceTree = SDKROOT; };
/* End PBXFileReference section */

/* Begin PBXFrameworksBuildPhase section */
		2C66C7BF2CED3AEF008C524D /* Frameworks */ = {
			isa = PBXFrameworksBuildPhase;
			buildActionMask = 2147483647;
			files = (
				2CF032792D133D23006A6009 /* RSBarcodes_Swift in Frameworks */,
				2C7E226F2CEFC94B005FB3C0 /* QuartzCore.framework in Frameworks */,
				2C7E226B2CEFC93D005FB3C0 /* CoreMedia.framework in Frameworks */,
				2CF0327F2D1F23DC006A6009 /* CloudKit.framework in Frameworks */,
				2C7E22692CEFC92E005FB3C0 /* AVFoundation.framework in Frameworks */,
				2C7E226D2CEFC943005FB3C0 /* CoreVideo.framework in Frameworks */,
			);
			runOnlyForDeploymentPostprocessing = 0;
		};
		2C66C7CF2CED3AF1008C524D /* Frameworks */ = {
			isa = PBXFrameworksBuildPhase;
			buildActionMask = 2147483647;
			files = (
			);
			runOnlyForDeploymentPostprocessing = 0;
		};
		2C66C7D92CED3AF1008C524D /* Frameworks */ = {
			isa = PBXFrameworksBuildPhase;
			buildActionMask = 2147483647;
			files = (
			);
			runOnlyForDeploymentPostprocessing = 0;
		};
/* End PBXFrameworksBuildPhase section */

/* Begin PBXGroup section */
		2C66C7B92CED3AEF008C524D = {
			isa = PBXGroup;
			children = (
				2C66C7C42CED3AEF008C524D /* BarcodeWallet */,
				2C66C7D52CED3AF1008C524D /* BarcodeWalletTests */,
				2C66C7DF2CED3AF1008C524D /* BarcodeWalletUITests */,
				2C66C7C32CED3AEF008C524D /* Products */,
				2C7E22672CEFC92E005FB3C0 /* Frameworks */,
			);
			sourceTree = "<group>";
		};
		2C66C7C32CED3AEF008C524D /* Products */ = {
			isa = PBXGroup;
			children = (
				2C66C7C22CED3AEF008C524D /* BarcodeWallet.app */,
				2C66C7D22CED3AF1008C524D /* BarcodeWalletTests.xctest */,
				2C66C7DC2CED3AF1008C524D /* BarcodeWalletUITests.xctest */,
			);
			name = Products;
			sourceTree = "<group>";
		};
		2C66C7C42CED3AEF008C524D /* BarcodeWallet */ = {
			isa = PBXGroup;
			children = (
				2CDFB6452ECE7265009D5A75 /* Services */,
				2CF0327D2D1F1CEC006A6009 /* BarcodeWallet.entitlements */,
				2CF0327A2D139F86006A6009 /* Info.plist */,
				2C66C7FB2CED5195008C524D /* ViewModel */,
				2C66C7F22CED3F2F008C524D /* View */,
				2C66C7EF2CED3B33008C524D /* Model */,
				2C66C7C52CED3AEF008C524D /* BarcodeWalletApp.swift */,
				2C66C7C92CED3AF0008C524D /* Assets.xcassets */,
				2C66C7CB2CED3AF0008C524D /* Preview Content */,
				2C7E22762CF3F5A1005FB3C0 /* DataModel.xcdatamodeld */,
			);
			path = BarcodeWallet;
			sourceTree = "<group>";
		};
		2C66C7CB2CED3AF0008C524D /* Preview Content */ = {
			isa = PBXGroup;
			children = (
				2C66C7CC2CED3AF0008C524D /* Preview Assets.xcassets */,
			);
			path = "Preview Content";
			sourceTree = "<group>";
		};
		2C66C7D52CED3AF1008C524D /* BarcodeWalletTests */ = {
			isa = PBXGroup;
			children = (
				2C66C7D62CED3AF1008C524D /* BarcodeWalletTests.swift */,
			);
			path = BarcodeWalletTests;
			sourceTree = "<group>";
		};
		2C66C7DF2CED3AF1008C524D /* BarcodeWalletUITests */ = {
			isa = PBXGroup;
			children = (
				2C66C7E02CED3AF1008C524D /* BarcodeWalletUITests.swift */,
				2C66C7E22CED3AF1008C524D /* BarcodeWalletUITestsLaunchTests.swift */,
			);
			path = BarcodeWalletUITests;
			sourceTree = "<group>";
		};
		2C66C7EF2CED3B33008C524D /* Model */ = {
			isa = PBXGroup;
			children = (
				2C7E227B2CF3FEBC005FB3C0 /* BarcodeModel.swift */,
				2C7E227F2CF674F1005FB3C0 /* CDCodabarEncoder.swift */,
				2CF0327B2D1B40A9006A6009 /* DragState.swift */,
			);
			path = Model;
			sourceTree = "<group>";
		};
		2C66C7F22CED3F2F008C524D /* View */ = {
			isa = PBXGroup;
			children = (
				2CDFB64A2ED51699009D5A75 /* Barcodes */,
				2C66C7C72CED3AEF008C524D /* LinearBarcodeView.swift */,
				2C66C7F32CED3F59008C524D /* QRCodeView.swift */,
				2C66C7F52CED3FFD008C524D /* TabsView.swift */,
				2C66C7F72CED44F2008C524D /* ManualBarcodeView.swift */,
				2C66C7F92CED4923008C524D /* ScanBarcodeView.swift */,
				2C7E22712CF0619D005FB3C0 /* CodabarBarcodeView.swift */,
				2C7E22742CF3EE28005FB3C0 /* HomeView.swift */,
				2C7E22812CF67521005FB3C0 /* CDCodabrView.swift */,
				2CF032722D121F24006A6009 /* CreateBarcodeView.swift */,
				2CF032742D12458A006A6009 /* BarcodeCard.swift */,
				2CD8C8F32D25E6370007144C /* UploadSheetView.swift */,
				2CD8C8F72D2C40090007144C /* BarcodeScannerView.swift */,
				2CD8C8F92D2C404D0007144C /* UploadView.swift */,
				2C2556AF2E7726CC00962D58 /* CardDetailView.swift */,
				2CDFB6482ED4B476009D5A75 /* UpdateCardView.swift */,
			);
			path = View;
			sourceTree = "<group>";
		};
		2C66C7FB2CED5195008C524D /* ViewModel */ = {
			isa = PBXGroup;
			children = (
				2C66C7FC2CED51AB008C524D /* BarcodeScannerController.swift */,
				2C66C7FE2CED55CA008C524D /* Coordinator.swift */,
				2C66C7F02CED3BAE008C524D /* BarcodeGenModel.swift */,
				2C7E22832D0CE587005FB3C0 /* DataController.swift */,
				2CD8C8F52D2C3E630007144C /* UploadViewController.swift */,
			);
			path = ViewModel;
			sourceTree = "<group>";
		};
		2C7E22672CEFC92E005FB3C0 /* Frameworks */ = {
			isa = PBXGroup;
			children = (
				2CF0327E2D1F23DC006A6009 /* CloudKit.framework */,
				2C7E226E2CEFC94A005FB3C0 /* QuartzCore.framework */,
				2C7E226C2CEFC943005FB3C0 /* CoreVideo.framework */,
				2C7E226A2CEFC93D005FB3C0 /* CoreMedia.framework */,
				2C7E22682CEFC92E005FB3C0 /* AVFoundation.framework */,
			);
			name = Frameworks;
			sourceTree = "<group>";
		};
		2CDFB6452ECE7265009D5A75 /* Services */ = {
			isa = PBXGroup;
			children = (
				2CDFB6462ECE7279009D5A75 /* Extensions.swift */,
			);
			path = Services;
			sourceTree = "<group>";
		};
		2CDFB64A2ED51699009D5A75 /* Barcodes */ = {
			isa = PBXGroup;
			children = (
				2CDFB64B2ED516B9009D5A75 /* BarcodeCollectionView.swift */,
			);
			path = Barcodes;
			sourceTree = "<group>";
		};
/* End PBXGroup section */

/* Begin PBXNativeTarget section */
		2C66C7C12CED3AEF008C524D /* BarcodeWallet */ = {
			isa = PBXNativeTarget;
			buildConfigurationList = 2C66C7E62CED3AF1008C524D /* Build configuration list for PBXNativeTarget "BarcodeWallet" */;
			buildPhases = (
				2C66C7BE2CED3AEF008C524D /* Sources */,
				2C66C7BF2CED3AEF008C524D /* Frameworks */,
				2C66C7C02CED3AEF008C524D /* Resources */,
			);
			buildRules = (
			);
			dependencies = (
			);
			name = BarcodeWallet;
			packageProductDependencies = (
				2CF032782D133D23006A6009 /* RSBarcodes_Swift */,
			);
			productName = BarcodeWallet;
			productReference = 2C66C7C22CED3AEF008C524D /* BarcodeWallet.app */;
			productType = "com.apple.product-type.application";
		};
		2C66C7D12CED3AF1008C524D /* BarcodeWalletTests */ = {
			isa = PBXNativeTarget;
			buildConfigurationList = 2C66C7E92CED3AF1008C524D /* Build configuration list for PBXNativeTarget "BarcodeWalletTests" */;
			buildPhases = (
				2C66C7CE2CED3AF1008C524D /* Sources */,
				2C66C7CF2CED3AF1008C524D /* Frameworks */,
				2C66C7D02CED3AF1008C524D /* Resources */,
			);
			buildRules = (
			);
			dependencies = (
				2C66C7D42CED3AF1008C524D /* PBXTargetDependency */,
			);
			name = BarcodeWalletTests;
			productName = BarcodeWalletTests;
			productReference = 2C66C7D22CED3AF1008C524D /* BarcodeWalletTests.xctest */;
			productType = "com.apple.product-type.bundle.unit-test";
		};
		2C66C7DB2CED3AF1008C524D /* BarcodeWalletUITests */ = {
			isa = PBXNativeTarget;
			buildConfigurationList = 2C66C7EC2CED3AF1008C524D /* Build configuration list for PBXNativeTarget "BarcodeWalletUITests" */;
			buildPhases = (
				2C66C7D82CED3AF1008C524D /* Sources */,
				2C66C7D92CED3AF1008C524D /* Frameworks */,
				2C66C7DA2CED3AF1008C524D /* Resources */,
			);
			buildRules = (
			);
			dependencies = (
				2C66C7DE2CED3AF1008C524D /* PBXTargetDependency */,
			);
			name = BarcodeWalletUITests;
			productName = BarcodeWalletUITests;
			productReference = 2C66C7DC2CED3AF1008C524D /* BarcodeWalletUITests.xctest */;
			productType = "com.apple.product-type.bundle.ui-testing";
		};
/* End PBXNativeTarget section */

/* Begin PBXProject section */
		2C66C7BA2CED3AEF008C524D /* Project object */ = {
			isa = PBXProject;
			attributes = {
				BuildIndependentTargetsInParallel = 1;
				LastSwiftUpdateCheck = 1510;
				LastUpgradeCheck = 1620;
				TargetAttributes = {
					2C66C7C12CED3AEF008C524D = {
						CreatedOnToolsVersion = 15.1;
					};
					2C66C7D12CED3AF1008C524D = {
						CreatedOnToolsVersion = 15.1;
						TestTargetID = 2C66C7C12CED3AEF008C524D;
					};
					2C66C7DB2CED3AF1008C524D = {
						CreatedOnToolsVersion = 15.1;
						TestTargetID = 2C66C7C12CED3AEF008C524D;
					};
				};
			};
			buildConfigurationList = 2C66C7BD2CED3AEF008C524D /* Build configuration list for PBXProject "BarcodeWallet" */;
			compatibilityVersion = "Xcode 14.0";
			developmentRegion = en;
			hasScannedForEncodings = 0;
			knownRegions = (
				en,
				Base,
			);
			mainGroup = 2C66C7B92CED3AEF008C524D;
			packageReferences = (
				2CF032772D133D23006A6009 /* XCRemoteSwiftPackageReference "RSBarcodes_Swift" */,
			);
			productRefGroup = 2C66C7C32CED3AEF008C524D /* Products */;
			projectDirPath = "";
			projectRoot = "";
			targets = (
				2C66C7C12CED3AEF008C524D /* BarcodeWallet */,
				2C66C7D12CED3AF1008C524D /* BarcodeWalletTests */,
				2C66C7DB2CED3AF1008C524D /* BarcodeWalletUITests */,
			);
		};
/* End PBXProject section */

/* Begin PBXResourcesBuildPhase section */
		2C66C7C02CED3AEF008C524D /* Resources */ = {
			isa = PBXResourcesBuildPhase;
			buildActionMask = 2147483647;
			files = (
				2C66C7CD2CED3AF0008C524D /* Preview Assets.xcassets in Resources */,
				2C66C7CA2CED3AF0008C524D /* Assets.xcassets in Resources */,
			);
			runOnlyForDeploymentPostprocessing = 0;
		};
		2C66C7D02CED3AF1008C524D /* Resources */ = {
			isa = PBXResourcesBuildPhase;
			buildActionMask = 2147483647;
			files = (
			);
			runOnlyForDeploymentPostprocessing = 0;
		};
		2C66C7DA2CED3AF1008C524D /* Resources */ = {
			isa = PBXResourcesBuildPhase;
			buildActionMask = 2147483647;
			files = (
			);
			runOnlyForDeploymentPostprocessing = 0;
		};
/* End PBXResourcesBuildPhase section */

/* Begin PBXSourcesBuildPhase section */
		2C66C7BE2CED3AEF008C524D /* Sources */ = {
			isa = PBXSourcesBuildPhase;
			buildActionMask = 2147483647;
			files = (
				2C66C7F82CED44F2008C524D /* ManualBarcodeView.swift in Sources */,
				2CD8C8F62D2C3E630007144C /* UploadViewController.swift in Sources */,
				2C2556B02E7726CC00962D58 /* CardDetailView.swift in Sources */,
				2CF0327C2D1B40A9006A6009 /* DragState.swift in Sources */,
				2CD8C8FA2D2C404D0007144C /* UploadView.swift in Sources */,
				2CF032732D121F24006A6009 /* CreateBarcodeView.swift in Sources */,
				2C7E22782CF3F5A1005FB3C0 /* DataModel.xcdatamodeld in Sources */,
				2C66C7F42CED3F59008C524D /* QRCodeView.swift in Sources */,
				2CDFB6492ED4B476009D5A75 /* UpdateCardView.swift in Sources */,
				2CF032752D12458A006A6009 /* BarcodeCard.swift in Sources */,
				2C7E22802CF674F1005FB3C0 /* CDCodabarEncoder.swift in Sources */,
				2C66C7C82CED3AEF008C524D /* LinearBarcodeView.swift in Sources */,
				2C7E227C2CF3FEBC005FB3C0 /* BarcodeModel.swift in Sources */,
				2C66C7FA2CED4923008C524D /* ScanBarcodeView.swift in Sources */,
				2C66C7C62CED3AEF008C524D /* BarcodeWalletApp.swift in Sources */,
				2C7E22752CF3EE28005FB3C0 /* HomeView.swift in Sources */,
				2C66C7F12CED3BAE008C524D /* BarcodeGenModel.swift in Sources */,
				2C7E22722CF0619D005FB3C0 /* CodabarBarcodeView.swift in Sources */,
				2C66C7F62CED3FFD008C524D /* TabsView.swift in Sources */,
				2CDFB64C2ED516B9009D5A75 /* BarcodeCollectionView.swift in Sources */,
				2CD8C8F42D25E6370007144C /* UploadSheetView.swift in Sources */,
				2CD8C8F82D2C40090007144C /* BarcodeScannerView.swift in Sources */,
				2CDFB6472ECE7279009D5A75 /* Extensions.swift in Sources */,
				2C7E22842D0CE587005FB3C0 /* DataController.swift in Sources */,
				2C7E22822CF67521005FB3C0 /* CDCodabrView.swift in Sources */,
				2C66C7FD2CED51AB008C524D /* BarcodeScannerController.swift in Sources */,
				2C66C7FF2CED55CA008C524D /* Coordinator.swift in Sources */,
			);
			runOnlyForDeploymentPostprocessing = 0;
		};
		2C66C7CE2CED3AF1008C524D /* Sources */ = {
			isa = PBXSourcesBuildPhase;
			buildActionMask = 2147483647;
			files = (
				2C66C7D72CED3AF1008C524D /* BarcodeWalletTests.swift in Sources */,
			);
			runOnlyForDeploymentPostprocessing = 0;
		};
		2C66C7D82CED3AF1008C524D /* Sources */ = {
			isa = PBXSourcesBuildPhase;
			buildActionMask = 2147483647;
			files = (
				2C7E22732CF0619D005FB3C0 /* CodabarBarcodeView.swift in Sources */,
				2C66C7E32CED3AF1008C524D /* BarcodeWalletUITestsLaunchTests.swift in Sources */,
				2C66C7E12CED3AF1008C524D /* BarcodeWalletUITests.swift in Sources */,
			);
			runOnlyForDeploymentPostprocessing = 0;
		};
/* End PBXSourcesBuildPhase section */

/* Begin PBXTargetDependency section */
		2C66C7D42CED3AF1008C524D /* PBXTargetDependency */ = {
			isa = PBXTargetDependency;
			target = 2C66C7C12CED3AEF008C524D /* BarcodeWallet */;
			targetProxy = 2C66C7D32CED3AF1008C524D /* PBXContainerItemProxy */;
		};
		2C66C7DE2CED3AF1008C524D /* PBXTargetDependency */ = {
			isa = PBXTargetDependency;
			target = 2C66C7C12CED3AEF008C524D /* BarcodeWallet */;
			targetProxy = 2C66C7DD2CED3AF1008C524D /* PBXContainerItemProxy */;
		};
/* End PBXTargetDependency section */

/* Begin XCBuildConfiguration section */
		2C66C7E42CED3AF1008C524D /* Debug */ = {
			isa = XCBuildConfiguration;
			buildSettings = {
				ALWAYS_SEARCH_USER_PATHS = NO;
				ASSETCATALOG_COMPILER_GENERATE_SWIFT_ASSET_SYMBOL_EXTENSIONS = YES;
				CLANG_ANALYZER_NONNULL = YES;
				CLANG_ANALYZER_NUMBER_OBJECT_CONVERSION = YES_AGGRESSIVE;
				CLANG_CXX_LANGUAGE_STANDARD = "gnu++20";
				CLANG_ENABLE_MODULES = YES;
				CLANG_ENABLE_OBJC_ARC = YES;
				CLANG_ENABLE_OBJC_WEAK = YES;
				CLANG_WARN_BLOCK_CAPTURE_AUTORELEASING = YES;
				CLANG_WARN_BOOL_CONVERSION = YES;
				CLANG_WARN_COMMA = YES;
				CLANG_WARN_CONSTANT_CONVERSION = YES;
				CLANG_WARN_DEPRECATED_OBJC_IMPLEMENTATIONS = YES;
				CLANG_WARN_DIRECT_OBJC_ISA_USAGE = YES_ERROR;
				CLANG_WARN_DOCUMENTATION_COMMENTS = YES;
				CLANG_WARN_EMPTY_BODY = YES;
				CLANG_WARN_ENUM_CONVERSION = YES;
				CLANG_WARN_INFINITE_RECURSION = YES;
				CLANG_WARN_INT_CONVERSION = YES;
				CLANG_WARN_NON_LITERAL_NULL_CONVERSION = YES;
				CLANG_WARN_OBJC_IMPLICIT_RETAIN_SELF = YES;
				CLANG_WARN_OBJC_LITERAL_CONVERSION = YES;
				CLANG_WARN_OBJC_ROOT_CLASS = YES_ERROR;
				CLANG_WARN_QUOTED_INCLUDE_IN_FRAMEWORK_HEADER = YES;
				CLANG_WARN_RANGE_LOOP_ANALYSIS = YES;
				CLANG_WARN_STRICT_PROTOTYPES = YES;
				CLANG_WARN_SUSPICIOUS_MOVE = YES;
				CLANG_WARN_UNGUARDED_AVAILABILITY = YES_AGGRESSIVE;
				CLANG_WARN_UNREACHABLE_CODE = YES;
				CLANG_WARN__DUPLICATE_METHOD_MATCH = YES;
				COPY_PHASE_STRIP = NO;
				DEBUG_INFORMATION_FORMAT = dwarf;
				ENABLE_STRICT_OBJC_MSGSEND = YES;
				ENABLE_TESTABILITY = YES;
				ENABLE_USER_SCRIPT_SANDBOXING = YES;
				GCC_C_LANGUAGE_STANDARD = gnu17;
				GCC_DYNAMIC_NO_PIC = NO;
				GCC_NO_COMMON_BLOCKS = YES;
				GCC_OPTIMIZATION_LEVEL = 0;
				GCC_PREPROCESSOR_DEFINITIONS = (
					"DEBUG=1",
					"$(inherited)",
				);
				GCC_WARN_64_TO_32_BIT_CONVERSION = YES;
				GCC_WARN_ABOUT_RETURN_TYPE = YES_ERROR;
				GCC_WARN_UNDECLARED_SELECTOR = YES;
				GCC_WARN_UNINITIALIZED_AUTOS = YES_AGGRESSIVE;
				GCC_WARN_UNUSED_FUNCTION = YES;
				GCC_WARN_UNUSED_VARIABLE = YES;
				IPHONEOS_DEPLOYMENT_TARGET = 16.6;
				LOCALIZATION_PREFERS_STRING_CATALOGS = YES;
				MTL_ENABLE_DEBUG_INFO = INCLUDE_SOURCE;
				MTL_FAST_MATH = YES;
				ONLY_ACTIVE_ARCH = YES;
				SDKROOT = iphoneos;
				SWIFT_ACTIVE_COMPILATION_CONDITIONS = "DEBUG $(inherited)";
				SWIFT_OPTIMIZATION_LEVEL = "-Onone";
			};
			name = Debug;
		};
		2C66C7E52CED3AF1008C524D /* Release */ = {
			isa = XCBuildConfiguration;
			buildSettings = {
				ALWAYS_SEARCH_USER_PATHS = NO;
				ASSETCATALOG_COMPILER_GENERATE_SWIFT_ASSET_SYMBOL_EXTENSIONS = YES;
				CLANG_ANALYZER_NONNULL = YES;
				CLANG_ANALYZER_NUMBER_OBJECT_CONVERSION = YES_AGGRESSIVE;
				CLANG_CXX_LANGUAGE_STANDARD = "gnu++20";
				CLANG_ENABLE_MODULES = YES;
				CLANG_ENABLE_OBJC_ARC = YES;
				CLANG_ENABLE_OBJC_WEAK = YES;
				CLANG_WARN_BLOCK_CAPTURE_AUTORELEASING = YES;
				CLANG_WARN_BOOL_CONVERSION = YES;
				CLANG_WARN_COMMA = YES;
				CLANG_WARN_CONSTANT_CONVERSION = YES;
				CLANG_WARN_DEPRECATED_OBJC_IMPLEMENTATIONS = YES;
				CLANG_WARN_DIRECT_OBJC_ISA_USAGE = YES_ERROR;
				CLANG_WARN_DOCUMENTATION_COMMENTS = YES;
				CLANG_WARN_EMPTY_BODY = YES;
				CLANG_WARN_ENUM_CONVERSION = YES;
				CLANG_WARN_INFINITE_RECURSION = YES;
				CLANG_WARN_INT_CONVERSION = YES;
				CLANG_WARN_NON_LITERAL_NULL_CONVERSION = YES;
				CLANG_WARN_OBJC_IMPLICIT_RETAIN_SELF = YES;
				CLANG_WARN_OBJC_LITERAL_CONVERSION = YES;
				CLANG_WARN_OBJC_ROOT_CLASS = YES_ERROR;
				CLANG_WARN_QUOTED_INCLUDE_IN_FRAMEWORK_HEADER = YES;
				CLANG_WARN_RANGE_LOOP_ANALYSIS = YES;
				CLANG_WARN_STRICT_PROTOTYPES = YES;
				CLANG_WARN_SUSPICIOUS_MOVE = YES;
				CLANG_WARN_UNGUARDED_AVAILABILITY = YES_AGGRESSIVE;
				CLANG_WARN_UNREACHABLE_CODE = YES;
				CLANG_WARN__DUPLICATE_METHOD_MATCH = YES;
				COPY_PHASE_STRIP = NO;
				DEBUG_INFORMATION_FORMAT = "dwarf-with-dsym";
				ENABLE_NS_ASSERTIONS = NO;
				ENABLE_STRICT_OBJC_MSGSEND = YES;
				ENABLE_USER_SCRIPT_SANDBOXING = YES;
				GCC_C_LANGUAGE_STANDARD = gnu17;
				GCC_NO_COMMON_BLOCKS = YES;
				GCC_WARN_64_TO_32_BIT_CONVERSION = YES;
				GCC_WARN_ABOUT_RETURN_TYPE = YES_ERROR;
				GCC_WARN_UNDECLARED_SELECTOR = YES;
				GCC_WARN_UNINITIALIZED_AUTOS = YES_AGGRESSIVE;
				GCC_WARN_UNUSED_FUNCTION = YES;
				GCC_WARN_UNUSED_VARIABLE = YES;
				IPHONEOS_DEPLOYMENT_TARGET = 16.6;
				LOCALIZATION_PREFERS_STRING_CATALOGS = YES;
				MTL_ENABLE_DEBUG_INFO = NO;
				MTL_FAST_MATH = YES;
				SDKROOT = iphoneos;
				SWIFT_COMPILATION_MODE = wholemodule;
				VALIDATE_PRODUCT = YES;
			};
			name = Release;
		};
		2C66C7E72CED3AF1008C524D /* Debug */ = {
			isa = XCBuildConfiguration;
			buildSettings = {
				ASSETCATALOG_COMPILER_APPICON_NAME = AppIcon;
				ASSETCATALOG_COMPILER_GLOBAL_ACCENT_COLOR_NAME = AccentColor;
				CODE_SIGN_ENTITLEMENTS = BarcodeWallet/BarcodeWallet.entitlements;
				CODE_SIGN_IDENTITY = "Apple Development";
				CODE_SIGN_STYLE = Automatic;
				CURRENT_PROJECT_VERSION = 9;
				DEVELOPMENT_ASSET_PATHS = "\"BarcodeWallet/Preview Content\"";
				DEVELOPMENT_TEAM = 8M22PYB3ZS;
				ENABLE_PREVIEWS = YES;
				GENERATE_INFOPLIST_FILE = YES;
				INFOPLIST_FILE = BarcodeWallet/Info.plist;
				INFOPLIST_KEY_LSApplicationCategoryType = "public.app-category.shopping";
				INFOPLIST_KEY_NSCameraUsageDescription = "BarcodeWallet needs to use the camera to scan barcodes and QR codes.";
				INFOPLIST_KEY_NSPhotoLibraryUsageDescription = "BarcodeWallet needs to access your photos to upload barcodes";
				INFOPLIST_KEY_UIApplicationSceneManifest_Generation = YES;
				INFOPLIST_KEY_UIApplicationSupportsIndirectInputEvents = YES;
				INFOPLIST_KEY_UILaunchScreen_Generation = YES;
				INFOPLIST_KEY_UISupportedInterfaceOrientations = "UIInterfaceOrientationPortrait UIInterfaceOrientationPortraitUpsideDown";
				INFOPLIST_KEY_UISupportedInterfaceOrientations_iPad = "UIInterfaceOrientationLandscapeLeft UIInterfaceOrientationLandscapeRight UIInterfaceOrientationPortrait UIInterfaceOrientationPortraitUpsideDown";
				IPHONEOS_DEPLOYMENT_TARGET = 18.0;
				LD_RUNPATH_SEARCH_PATHS = (
					"$(inherited)",
					"@executable_path/Frameworks",
				);
				MARKETING_VERSION = 1.0;
				PRODUCT_BUNDLE_IDENTIFIER = BlackBox.BarcodeWallet;
				PRODUCT_NAME = "$(TARGET_NAME)";
				PROVISIONING_PROFILE_SPECIFIER = "";
				SUPPORTED_PLATFORMS = "iphoneos iphonesimulator";
				SUPPORTS_MACCATALYST = NO;
				SUPPORTS_MAC_DESIGNED_FOR_IPHONE_IPAD = NO;
				SUPPORTS_XR_DESIGNED_FOR_IPHONE_IPAD = NO;
				SWIFT_EMIT_LOC_STRINGS = YES;
				SWIFT_VERSION = 5.0;
				TARGETED_DEVICE_FAMILY = "1,2";
			};
			name = Debug;
		};
		2C66C7E82CED3AF1008C524D /* Release */ = {
			isa = XCBuildConfiguration;
			buildSettings = {
				ASSETCATALOG_COMPILER_APPICON_NAME = AppIcon;
				ASSETCATALOG_COMPILER_GLOBAL_ACCENT_COLOR_NAME = AccentColor;
				CODE_SIGN_ENTITLEMENTS = BarcodeWallet/BarcodeWallet.entitlements;
				CODE_SIGN_IDENTITY = "Apple Development";
				CODE_SIGN_STYLE = Automatic;
				CURRENT_PROJECT_VERSION = 9;
				DEVELOPMENT_ASSET_PATHS = "\"BarcodeWallet/Preview Content\"";
				DEVELOPMENT_TEAM = 8M22PYB3ZS;
				ENABLE_PREVIEWS = YES;
				GENERATE_INFOPLIST_FILE = YES;
				INFOPLIST_FILE = BarcodeWallet/Info.plist;
				INFOPLIST_KEY_LSApplicationCategoryType = "public.app-category.shopping";
				INFOPLIST_KEY_NSCameraUsageDescription = "BarcodeWallet needs to use the camera to scan barcodes and QR codes.";
				INFOPLIST_KEY_NSPhotoLibraryUsageDescription = "BarcodeWallet needs to access your photos to upload barcodes";
				INFOPLIST_KEY_UIApplicationSceneManifest_Generation = YES;
				INFOPLIST_KEY_UIApplicationSupportsIndirectInputEvents = YES;
				INFOPLIST_KEY_UILaunchScreen_Generation = YES;
				INFOPLIST_KEY_UISupportedInterfaceOrientations = "UIInterfaceOrientationPortrait UIInterfaceOrientationPortraitUpsideDown";
				INFOPLIST_KEY_UISupportedInterfaceOrientations_iPad = "UIInterfaceOrientationLandscapeLeft UIInterfaceOrientationLandscapeRight UIInterfaceOrientationPortrait UIInterfaceOrientationPortraitUpsideDown";
				IPHONEOS_DEPLOYMENT_TARGET = 18.0;
				LD_RUNPATH_SEARCH_PATHS = (
					"$(inherited)",
					"@executable_path/Frameworks",
				);
				MARKETING_VERSION = 1.0;
				PRODUCT_BUNDLE_IDENTIFIER = BlackBox.BarcodeWallet;
				PRODUCT_NAME = "$(TARGET_NAME)";
				PROVISIONING_PROFILE_SPECIFIER = "";
				SUPPORTED_PLATFORMS = "iphoneos iphonesimulator";
				SUPPORTS_MACCATALYST = NO;
				SUPPORTS_MAC_DESIGNED_FOR_IPHONE_IPAD = NO;
				SUPPORTS_XR_DESIGNED_FOR_IPHONE_IPAD = NO;
				SWIFT_EMIT_LOC_STRINGS = YES;
				SWIFT_VERSION = 5.0;
				TARGETED_DEVICE_FAMILY = "1,2";
			};
			name = Release;
		};
		2C66C7EA2CED3AF1008C524D /* Debug */ = {
			isa = XCBuildConfiguration;
			buildSettings = {
				BUNDLE_LOADER = "$(TEST_HOST)";
				CODE_SIGN_STYLE = Automatic;
				CURRENT_PROJECT_VERSION = 1;
				DEVELOPMENT_TEAM = 8M22PYB3ZS;
				GENERATE_INFOPLIST_FILE = YES;
				IPHONEOS_DEPLOYMENT_TARGET = 17.2;
				MARKETING_VERSION = 1.0;
				PRODUCT_BUNDLE_IDENTIFIER = BlackBox.BarcodeWalletTests;
				PRODUCT_NAME = "$(TARGET_NAME)";
				SWIFT_EMIT_LOC_STRINGS = NO;
				SWIFT_VERSION = 5.0;
				TARGETED_DEVICE_FAMILY = "1,2";
				TEST_HOST = "$(BUILT_PRODUCTS_DIR)/BarcodeWallet.app/$(BUNDLE_EXECUTABLE_FOLDER_PATH)/BarcodeWallet";
			};
			name = Debug;
		};
		2C66C7EB2CED3AF1008C524D /* Release */ = {
			isa = XCBuildConfiguration;
			buildSettings = {
				BUNDLE_LOADER = "$(TEST_HOST)";
				CODE_SIGN_STYLE = Automatic;
				CURRENT_PROJECT_VERSION = 1;
				DEVELOPMENT_TEAM = 8M22PYB3ZS;
				GENERATE_INFOPLIST_FILE = YES;
				IPHONEOS_DEPLOYMENT_TARGET = 17.2;
				MARKETING_VERSION = 1.0;
				PRODUCT_BUNDLE_IDENTIFIER = BlackBox.BarcodeWalletTests;
				PRODUCT_NAME = "$(TARGET_NAME)";
				SWIFT_EMIT_LOC_STRINGS = NO;
				SWIFT_VERSION = 5.0;
				TARGETED_DEVICE_FAMILY = "1,2";
				TEST_HOST = "$(BUILT_PRODUCTS_DIR)/BarcodeWallet.app/$(BUNDLE_EXECUTABLE_FOLDER_PATH)/BarcodeWallet";
			};
			name = Release;
		};
		2C66C7ED2CED3AF1008C524D /* Debug */ = {
			isa = XCBuildConfiguration;
			buildSettings = {
				CODE_SIGN_STYLE = Automatic;
				CURRENT_PROJECT_VERSION = 1;
				DEVELOPMENT_TEAM = 8M22PYB3ZS;
				GENERATE_INFOPLIST_FILE = YES;
				MARKETING_VERSION = 1.0;
				PRODUCT_BUNDLE_IDENTIFIER = BlackBox.BarcodeWalletUITests;
				PRODUCT_NAME = "$(TARGET_NAME)";
				SWIFT_EMIT_LOC_STRINGS = NO;
				SWIFT_VERSION = 5.0;
				TARGETED_DEVICE_FAMILY = "1,2";
				TEST_TARGET_NAME = BarcodeWallet;
			};
			name = Debug;
		};
		2C66C7EE2CED3AF1008C524D /* Release */ = {
			isa = XCBuildConfiguration;
			buildSettings = {
				CODE_SIGN_STYLE = Automatic;
				CURRENT_PROJECT_VERSION = 1;
				DEVELOPMENT_TEAM = 8M22PYB3ZS;
				GENERATE_INFOPLIST_FILE = YES;
				MARKETING_VERSION = 1.0;
				PRODUCT_BUNDLE_IDENTIFIER = BlackBox.BarcodeWalletUITests;
				PRODUCT_NAME = "$(TARGET_NAME)";
				SWIFT_EMIT_LOC_STRINGS = NO;
				SWIFT_VERSION = 5.0;
				TARGETED_DEVICE_FAMILY = "1,2";
				TEST_TARGET_NAME = BarcodeWallet;
			};
			name = Release;
		};
/* End XCBuildConfiguration section */

/* Begin XCConfigurationList section */
		2C66C7BD2CED3AEF008C524D /* Build configuration list for PBXProject "BarcodeWallet" */ = {
			isa = XCConfigurationList;
			buildConfigurations = (
				2C66C7E42CED3AF1008C524D /* Debug */,
				2C66C7E52CED3AF1008C524D /* Release */,
			);
			defaultConfigurationIsVisible = 0;
			defaultConfigurationName = Release;
		};
		2C66C7E62CED3AF1008C524D /* Build configuration list for PBXNativeTarget "BarcodeWallet" */ = {
			isa = XCConfigurationList;
			buildConfigurations = (
				2C66C7E72CED3AF1008C524D /* Debug */,
				2C66C7E82CED3AF1008C524D /* Release */,
			);
			defaultConfigurationIsVisible = 0;
			defaultConfigurationName = Release;
		};
		2C66C7E92CED3AF1008C524D /* Build configuration list for PBXNativeTarget "BarcodeWalletTests" */ = {
			isa = XCConfigurationList;
			buildConfigurations = (
				2C66C7EA2CED3AF1008C524D /* Debug */,
				2C66C7EB2CED3AF1008C524D /* Release */,
			);
			defaultConfigurationIsVisible = 0;
			defaultConfigurationName = Release;
		};
		2C66C7EC2CED3AF1008C524D /* Build configuration list for PBXNativeTarget "BarcodeWalletUITests" */ = {
			isa = XCConfigurationList;
			buildConfigurations = (
				2C66C7ED2CED3AF1008C524D /* Debug */,
				2C66C7EE2CED3AF1008C524D /* Release */,
			);
			defaultConfigurationIsVisible = 0;
			defaultConfigurationName = Release;
		};
/* End XCConfigurationList section */

/* Begin XCRemoteSwiftPackageReference section */
		2CF032772D133D23006A6009 /* XCRemoteSwiftPackageReference "RSBarcodes_Swift" */ = {
			isa = XCRemoteSwiftPackageReference;
			repositoryURL = "https://github.com/yeahdongcn/RSBarcodes_Swift.git";
			requirement = {
				kind = upToNextMajorVersion;
				minimumVersion = 5.2.0;
			};
		};
/* End XCRemoteSwiftPackageReference section */

/* Begin XCSwiftPackageProductDependency section */
		2CF032782D133D23006A6009 /* RSBarcodes_Swift */ = {
			isa = XCSwiftPackageProductDependency;
			package = 2CF032772D133D23006A6009 /* XCRemoteSwiftPackageReference "RSBarcodes_Swift" */;
			productName = RSBarcodes_Swift;
		};
/* End XCSwiftPackageProductDependency section */

/* Begin XCVersionGroup section */
		2C7E22762CF3F5A1005FB3C0 /* DataModel.xcdatamodeld */ = {
			isa = XCVersionGroup;
			children = (
				2C7E22772CF3F5A1005FB3C0 /* DataManager.xcdatamodel */,
			);
			currentVersion = 2C7E22772CF3F5A1005FB3C0 /* DataManager.xcdatamodel */;
			path = DataModel.xcdatamodeld;
			sourceTree = "<group>";
			versionGroupType = wrapper.xcdatamodel;
		};
/* End XCVersionGroup section */
	};
	rootObject = 2C66C7BA2CED3AEF008C524D /* Project object */;
}
